NeoBundleLock Alduin 02b5d84b3b1ac6f99ebbc7b6ca2b70517cbfbff3
NeoBundleLock ag.vim 4a0dd6e190f446e5a016b44fdaa2feafc582918e
NeoBundleLock ctrlp-funky dfa1da912e67593e6d8ea5066655c81f2a03604c
NeoBundleLock ctrlp.vim d9eb5aecab74db300bdf2c76308b2c02c469cf5e
NeoBundleLock ghostbuster c2725c6bcf6bdad7352715dddcc3440ad5008e1d
NeoBundleLock jellybeans.vim 2ca7d8a27072a8f449887179c3fee81cb00f8c18
NeoBundleLock lightline.vim 7b79f2ac354184861e9cf9cad4a2b18def8f50b3
NeoBundleLock molokai c67bdfcdb31415aa0ade7f8c003261700a885476
NeoBundleLock neobundle.vim 88951d60547595606ea0ca8f28f643d2506f2714
NeoBundleLock neocomplete.vim 5701fc43eab03410b87773301ff6b5f52a15456e
NeoBundleLock neosnippet 22bf9611263fcc9fd2c4bd61031053624ff82714
NeoBundleLock neosnippet-snippets 4431bf176650696d5a8dd93814812afd0d06212c
NeoBundleLock syntastic 1c89d2a57016d4c89cab3266add7d8246aef64f1
NeoBundleLock syntastic-local-eslint.vim 5d6a68121c0d2e2727122a0f10b6b01f40666c10
NeoBundleLock tcomment_vim 6f1f24840be163e85d610837567221639e268ddc
NeoBundleLock vim-ctrlp-commandline ac3ea874c0d472b2813292dc8e9f06ce08f9c0ed
NeoBundleLock vim-indent-guides 018298ead9d3aa9cd3b4ae222f81022a33978b09
NeoBundleLock vim-railscasts-theme 826e17cc7a7fdc1aef16b9ddfaf271b51fc2e0a8
NeoBundleLock vim-trailing-whitespace 733fb64337b6da4a51c85a43450cd620d8b617b5
